
Microsoft Visual Studio Solution File, Format Version 12.00
# Visual Studio Version 16
VisualStudioVersion = 16.0.30611.23
MinimumVisualStudioVersion = 10.0.40219.1
Project("{FAE04EC0-301F-11D3-BF4B-00C04F79EFBC}") = "SEACBE", "SEACBE\SEACBE.csproj", "{C7612A5D-935E-4695-A774-C00A14B785FE}"
EndProject
Global
	GlobalSection(SolutionConfigurationPlatforms) = preSolution
		Debug|Any CPU = Debug|Any CPU
		Release|Any CPU = Release|Any CPU
	EndGlobalSection
	GlobalSection(ProjectConfigurationPlatforms) = postSolution
		{C7612A5D-935E-4695-A774-C00A14B785FE}.Debug|Any CPU.ActiveCfg = Debug|Any CPU
		{C7612A5D-935E-4695-A774-C00A14B785FE}.Debug|Any CPU.Build.0 = Debug|Any CPU
		{C7612A5D-935E-4695-A774-C00A14B785FE}.Release|Any CPU.ActiveCfg = Release|Any CPU
		{C7612A5D-935E-4695-A774-C00A14B785FE}.Release|Any CPU.Build.0 = Release|Any CPU
	EndGlobalSection
	GlobalSection(SolutionProperties) = preSolution
		HideSolutionNode = FALSE
	EndGlobalSection
	GlobalSection(ExtensibilityGlobals) = postSolution
		SolutionGuid = {F098522E-5ABD-4B34-B479-CB13036C79DC}
	EndGlobalSection
EndGlobal
